# This file is automatically @generated by Poetry 2.3.2 and should not be changed by hand.

[[package]]
name = "asana"
version = "5.2.4"
description = "Asana"
optional = false
python-versions = "*"
groups = ["main"]
files = [
    {file = "asana-5.2.4-py3-none-any.whl", hash = "sha256:96a0daa8a34e4b4a7a05b8586798875d4cbdf17a576376ddb2bfdb3aa1f220eb"},
    {file = "asana-5.2.4.tar.gz", hash = "sha256:7e0955e92ec3be9efe113817f957456b39e96a760362e8369e23db9ecb9c1a42"},
]

[package.dependencies]
certifi = ">=2017.4.17"
python-dateutil = ">=2.1"
six = ">=1.10"
urllib3 = ">=1.23"

[[package]]
name = "certifi"
version = "2026.2.25"
description = "Python package for providing Mozilla's CA Bundle."
optional = false
python-versions = ">=3.7"
groups = ["main"]
files = [
    {file = "certifi-2026.2.25-py3-none-any.whl", hash = "sha256:027692e4402ad994f1c42e52a4997a9763c646b73e4096e4d5d6db8af1d6f0fa"},
    {file = "certifi-2026.2.25.tar.gz", hash = "sha256:e887ab5cee78ea814d3472169153c2d12cd43b14bd03329a39a9c6e2e80bfba7"},
]

[[package]]
name = "click"
version = "8.3.2"
description = "Composable command line interface toolkit"
optional = false
python-versions = ">=3.10"
groups = ["main"]
files = [
    {file = "click-8.3.2-py3-none-any.whl", hash = "sha256:1924d2c27c5653561cd2cae4548d1406039cb79b858b747cfea24924bbc1616d"},
    {file = "click-8.3.2.tar.gz", hash = "sha256:14162b8b3b3550a7d479eafa77dfd3c38d9dc8951f6f69c78913a8f9a7540fd5"},
]

[package.dependencies]
colorama = {version = "*", markers = "platform_system == \"Windows\""}

[[package]]
name = "colorama"
version = "0.4.6"
description = "Cross-platform colored terminal text."
optional = false
python-versions = "!=3.0.*,!=3.1.*,!=3.2.*,!=3.3.*,!=3.4.*,!=3.5.*,!=3.6.*,>=2.7"
groups = ["main"]
markers = "platform_system == \"Windows\""
files = [
    {file = "colorama-0.4.6-py2.py3-none-any.whl", hash = "sha256:4f1d9991f5acc0ca119f9d443620b77f9d6b33703e51011c16baf57afb285fc6"},
    {file = "colorama-0.4.6.tar.gz", hash = "sha256:08695f5cb7ed6e0531a20572697297273c47b8cae5a63ffc6d6ed5c201be6e44"},
]

[[package]]
name = "jq"
version = "1.11.0"
description = "jq is a lightweight and flexible JSON processor."
optional = false
python-versions = ">=3.8"
groups = ["main"]
files = [
    {file = "jq-1.11.0-cp310-cp310-macosx_10_9_x86_64.whl", hash = "sha256:04376071111798aa007f74196eb251fd9e008080412d81ba0f5042fdf75a2685"},
    {file = "jq-1.11.0-cp310-cp310-macosx_11_0_arm64.whl", hash = "sha256:5f298e21cdaddae7de3ec67742535c3e30acd800016aaee2f9521f77b4918094"},
    {file = "jq-1.11.0-cp310-cp310-manylinux_2_24_aarch64.manylinux_2_28_aarch64.whl", hash = "sha256:62561f673be573e17fb80ff95ad428d17f55d29546f6c44ffa04edaccd68212f"},
    {file = "jq-1.11.0-cp310-cp310-manylinux_2_24_x86_64.manylinux_2_28_x86_64.whl", hash = "sha256:e63630a51a01d8a8d587cbfa5a34544d7aa7a49d5d14bb8206e6e435d18af935"},
    {file = "jq-1.11.0-cp310-cp310-musllinux_1_2_aarch64.whl", hash = "sha256:1e674aff383d7969645b97ec77fa49b774e129dbc203be04f88b2dac1bb390cd"},
    {file = "jq-1.11.0-cp310-cp310-musllinux_1_2_x86_64.whl", hash = "sha256:669feef2326865a964e0b156f83e6608e8d7011462f773339198b4b1882fd05c"},
    {file = "jq-1.11.0-cp310-cp310-win_amd64.whl", hash = "sha256:8b56408bbe7d19e6ad3f1ba34fd70b3a2269b5acb322651e1262c9632e9e2a01"},
    {file = "jq-1.11.0-cp311-cp311-macosx_10_9_x86_64.whl", hash = "sha256:fe1c5facefd0f1197fb95cda8f31195487f431e4c4699cb0cb207efc47553504"},
    {file = "jq-1.11.0-cp311-cp311-macosx_11_0_arm64.whl", hash = "sha256:e8f4f1fd9fd85416d978e4e0d8e3fb7603bdb7da87f5cd6dc5e94047b75a4813"},
    {file = "jq-1.11.0-cp311-cp311-manylinux_2_24_aarch64.manylinux_2_28_aarch64.whl", hash = "sha256:8bb8d244a6b11140c0908affbad621485788500d4236cf7c09b6f0087e991815"},
    {file = "jq-1.11.0-cp311-cp311-manylinux_2_24_x86_64.manylinux_2_28_x86_64.whl", hash = "sha256:17755df4b65ad9f9021c43b90a04c02f771b32b8c429a0e7ff160a13229f787e"},
    {file = "jq-1.11.0-cp311-cp311-musllinux_1_2_aarch64.whl", hash = "sha256:7a8d080c00b5fc66bb9ee2876402b978b84a7108526b4c9affd704813a2add78"},
    {file = "jq-1.11.0-cp311-cp311-musllinux_1_2_x86_64.whl", hash = "sha256:06819d14f18187379959f0ac5fdd1bcf7f452d84623a2945d7ed1d1ceeba8499"},
    {file = "jq-1.11.0-cp311-cp311-win_amd64.whl", hash = "sha256:c463edd4f45ff3e1923766a0c582a8e955bd889dd756e0ac6392d28f5ca144db"},
    {file = "jq-1.11.0-cp312-cp312-macosx_10_13_x86_64.whl", hash = "sha256:d63c4437f256edb6c204481181d19e3e33f24781b1bfbab2db589af574567bed"},
    {file = "jq-1.11.0-cp312-cp312-macosx_11_0_arm64.whl", hash = "sha256:0db188d73f2b6ad4e4f62653b2a4ea06dd99b790cc9a8aba6b617d9d0806aee0"},
    {file = "jq-1.11.0-cp312-cp312-manylinux_2_24_aarch64.manylinux_2_28_aarch64.whl", hash = "sha256:4a6d0cde00e6da44f49772c5f77b0efa1d11d5866b2af923fd94e2ffbdfae89c"},
    {file = "jq-1.11.0-cp312-cp312-manylinux_2_24_x86_64.manylinux_2_28_x86_64.whl", hash = "sha256:40489d775f77d9d8b4ec1f3ab1e977415e003c5065ad3befbe61ae80810bc381"},
    {file = "jq-1.11.0-cp312-cp312-musllinux_1_2_aarch64.whl", hash = "sha256:d2ac5087d6d16929cf0f9918ed83b3d4c5d765bd160d3af125131bb124001d3a"},
    {file = "jq-1.11.0-cp312-cp312-musllinux_1_2_x86_64.whl", hash = "sha256:a8a67a52445535edffe10733b9da493134bfbf354acdbeb29d9ef28fd39938ac"},
    {file = "jq-1.11.0-cp312-cp312-win_amd64.whl", hash = "sha256:824a295e62802a67a21f13e4b2d32a24ff5849f7bd435b042e68a9c598c8e778"},
    {file = "jq-1.11.0-cp313-cp313-macosx_10_13_x86_64.whl", hash = "sha256:9aba6e4a4e66a8d55f45137c7039dd56a65ad95ef4c1c1c208190971966429b9"},
    {file = "jq-1.11.0-cp313-cp313-macosx_11_0_arm64.whl", hash = "sha256:5295d6d2a6c1de53f9ca1cd3211f5728e20c0be1e6456486a9e6b6016102e173"},
    {file = "jq-1.11.0-cp313-cp313-manylinux_2_24_aarch64.manylinux_2_28_aarch64.whl", hash = "sha256:e04a8c3b0b4d78cab658ec8cd1b34f7c9a711355ff6d8aa01a3b24955b3eb531"},
    {file = "jq-1.11.0-cp313-cp313-manylinux_2_24_x86_64.manylinux_2_28_x86_64.whl", hash = "sha256:5e08573ee9a5448166f1e8f068ce05fba21db15adcebbaf2472729d36ec92a1e"},
    {file = "jq-1.11.0-cp313-cp313-musllinux_1_2_aarch64.whl", hash = "sha256:cd4376b62fc18e8c3f5334f388f92a48b148cf755610ad44d22958a41edcbc8d"},
    {file = "jq-1.11.0-cp313-cp313-musllinux_1_2_x86_64.whl", hash = "sha256:680edbd5838fb04539469e39e3e147ae3890b90af3e727d6028e370f8a202b1c"},
    {file = "jq-1.11.0-cp313-cp313-win_amd64.whl", hash = "sha256:54f896e878c89cef4c05aff53f822de62a08e91d08bad7cbf4f7e91b7a06a460"},
    {file = "jq-1.11.0-cp314-cp314-macosx_10_15_x86_64.whl", hash = "sha256:07100bc8338f4030c12fb87816f2f04d4cac78363152dbb8f8cb12fcb3dbbd5f"},
    {file = "jq-1.11.0-cp314-cp314-macosx_11_0_arm64.whl", hash = "sha256:7051d8443d36e0df151fd509a34dff8c03bb8c99a0224b25a784920ea5059689"},
    {file = "jq-1.11.0-cp314-cp314-manylinux_2_24_aarch64.manylinux_2_28_aarch64.whl", hash = "sha256:87fec2d61b50ef1b9aaae8de78593a689504c22ec9933a02de202d407b74424c"},
    {file = "jq-1.11.0-cp314-cp314-manylinux_2_24_x86_64.manylinux_2_28_x86_64.whl", hash = "sha256:40ee2639e5ff8af74651a6531d79309871ccb722aa4ad28b35f53bdc504d41f7"},
    {file = "jq-1.11.0-cp314-cp314-musllinux_1_2_aarch64.whl", hash = "sha256:9ecaa3193e11ade477eed608e017354f1d9ef66b97e7fe94575a579aee9b394b"},
    {file = "jq-1.11.0-cp314-cp314-musllinux_1_2_x86_64.whl", hash = "sha256:05c9520b89e2fc99ac397b67ba5672897671c0116b397707cfbc1f8da8722f5a"},
    {file = "jq-1.11.0-cp314-cp314-win_amd64.whl", hash = "sha256:00ee063b24bb3cc721d6dd92ac05ef2882096c7a9f50972959ef4655486d7a69"},
    {file = "jq-1.11.0-cp314-cp314t-macosx_10_15_x86_64.whl", hash = "sha256:c4c769ee81de2d799856868bf3bdb1a835e0fb26a62f67a5d8d6ab5392b6e7fa"},
    {file = "jq-1.11.0-cp314-cp314t-macosx_11_0_arm64.whl", hash = "sha256:f6857f2770d1afb8a202f9b6702a7f099cf4052d820f76d01c59dfc6e44d4709"},
    {file = "jq-1.11.0-cp314-cp314t-manylinux_2_24_aarch64.manylinux_2_28_aarch64.whl", hash = "sha256:b0f6287977012657776f85fa15ca3c072974ded3d98a3400a765c49e84dfb16e"},
    {file = "jq-1.11.0-cp314-cp314t-manylinux_2_24_x86_64.manylinux_2_28_x86_64.whl", hash = "sha256:7cf7f44b346c4494be880d3f07c1c72ff56066714b2f8ae2400009afdbdb4adc"},
    {file = "jq-1.11.0-cp314-cp314t-musllinux_1_2_aarch64.whl", hash = "sha256:e46494407cb074d2ffc35337cbe841686aa42f3d1a49901fab3571b55c2e2463"},
    {file = "jq-1.11.0-cp314-cp314t-musllinux_1_2_x86_64.whl", hash = "sha256:2bea91038d8ea749c54cc06f916afe07a2dbfa05817f3945f89efa75e3dd9517"},
    {file = "jq-1.11.0-cp314-cp314t-win_amd64.whl", hash = "sha256:219ff02280ee55d2a57c0519b1b122003e538975e30522c21372d6df74b12317"},
    {file = "jq-1.11.0-cp38-cp38-macosx_10_9_x86_64.whl", hash = "sha256:cd04536e250e9f9e123356b56d07e3320adfeffed166b8d6532d9f265f9ebcd2"},
    {file = "jq-1.11.0-cp38-cp38-manylinux_2_24_aarch64.manylinux_2_28_aarch64.whl", hash = "sha256:42e65a38ce2ce3f8b5fc522b5d1e09351886a09026daa9e4ab6c258f0739b94b"},
    {file = "jq-1.11.0-cp38-cp38-manylinux_2_24_x86_64.manylinux_2_28_x86_64.whl", hash = "sha256:e10f635d594a7ebec56175c51deaadce94dd506b1c97d6f6ae0a6c3322b804c8"},
    {file = "jq-1.11.0-cp38-cp38-musllinux_1_2_aarch64.whl", hash = "sha256:b18cda2f5a51ea7455beef19db604c6c5943ca9b994bd63d4a77ebb3db19dfec"},
    {file = "jq-1.11.0-cp38-cp38-musllinux_1_2_x86_64.whl", hash = "sha256:610b51ea8a19275a22b290e419d665711f9b4e373602309f5fbdb2b507ad7050"},
    {file = "jq-1.11.0-cp38-cp38-win_amd64.whl", hash = "sha256:24ca54f24b21f2d7ef8f664c582716b44a6f5e5770ccbf475fc33b7b2d3145a5"},
    {file = "jq-1.11.0-cp39-cp39-macosx_10_9_x86_64.whl", hash = "sha256:ecff3e4794058fe7acf5bf3dc75526954783adb8dd0907e94a757b4137b97e76"},
    {file = "jq-1.11.0-cp39-cp39-macosx_11_0_arm64.whl", hash = "sha256:75ae4fb6891ca8ad19e986392f22080ec835072f6844c7f632241c019d26e6fc"},
    {file = "jq-1.11.0-cp39-cp39-manylinux_2_24_aarch64.manylinux_2_28_aarch64.whl", hash = "sha256:3a39c154e50949d87434ac40edfe1d6f479bb248acf4e9059d2a64f37a734780"},
    {file = "jq-1.11.0-cp39-cp39-manylinux_2_24_x86_64.manylinux_2_28_x86_64.whl", hash = "sha256:a9511b8c38435e29347f2874aef683009a9ec6fd9ba3641db99de55b21701603"},
    {file = "jq-1.11.0-cp39-cp39-musllinux_1_2_aarch64.whl", hash = "sha256:781fbe32274ea33d8200634a378b35c4ab7e17889c6618149c02535e248a6e7d"},
    {file = "jq-1.11.0-cp39-cp39-musllinux_1_2_x86_64.whl", hash = "sha256:07c5a9b08b38b414b4a5f562f4ed99ef58e0aeb2530fcd53802abda8ce1d9e8b"},
    {file = "jq-1.11.0-cp39-cp39-win_amd64.whl", hash = "sha256:fbb189af2000458bbd59d291c73d5257b46d2ca9ef00c3d76b410fbb7dc0fd33"},
    {file = "jq-1.11.0-pp311-pypy311_pp73-macosx_10_15_x86_64.whl", hash = "sha256:62b8fd1b93ba3bad1f1051fa955ff675d076466c2e900c59afe2393bc09c49bc"},
    {file = "jq-1.11.0-pp311-pypy311_pp73-macosx_11_0_arm64.whl", hash = "sha256:77686477535191cdd2a01acfdcf3d67e71b4319edf33cab5bf5e383bbe147291"},
    {file = "jq-1.11.0-pp311-pypy311_pp73-manylinux_2_24_aarch64.manylinux_2_28_aarch64.whl", hash = "sha256:1bfeb6627f8dace23e0eaf7818ba4c5227e60bc2e843c9eafe895d59c0d274d1"},
    {file = "jq-1.11.0-pp311-pypy311_pp73-manylinux_2_24_x86_64.manylinux_2_28_x86_64.whl", hash = "sha256:594ebd007244e16b333bd2f35a5b766176be107ee99f9d92883a79d50439b93c"},
    {file = "jq-1.11.0.tar.gz", hash = "sha256:67f1032e3a61b4e5dcdd4e390527b0000db521ac9872b64517c83c5f71ef8450"},
]

[[package]]
name = "python-dateutil"
version = "2.9.0.post0"
description = "Extensions to the standard Python datetime module"
optional = false
python-versions = "!=3.0.*,!=3.1.*,!=3.2.*,>=2.7"
groups = ["main"]
files = [
    {file = "python-dateutil-2.9.0.post0.tar.gz", hash = "sha256:37dd54208da7e1cd875388217d5e00ebd4179249f90fb72437e91a35459a0ad3"},
    {file = "python_dateutil-2.9.0.post0-py2.py3-none-any.whl", hash = "sha256:a8b2bc7bffae282281c8140a97d3aa9c14da0b136dfe83f850eea9a5f7470427"},
]

[package.dependencies]
six = ">=1.5"

[[package]]
name = "ruff"
version = "0.15.9"
description = "An extremely fast Python linter and code formatter, written in Rust."
optional = false
python-versions = ">=3.7"
groups = ["dev"]
files = [
    {file = "ruff-0.15.9-py3-none-linux_armv6l.whl", hash = "sha256:6efbe303983441c51975c243e26dff328aca11f94b70992f35b093c2e71801e1"},
    {file = "ruff-0.15.9-py3-none-macosx_10_12_x86_64.whl", hash = "sha256:4965bac6ac9ea86772f4e23587746f0b7a395eccabb823eb8bfacc3fa06069f7"},
    {file = "ruff-0.15.9-py3-none-macosx_11_0_arm64.whl", hash = "sha256:eaf05aad70ca5b5a0a4b0e080df3a6b699803916d88f006efd1f5b46302daab8"},
    {file = "ruff-0.15.9-py3-none-manylinux_2_17_aarch64.manylinux2014_aarch64.whl", hash = "sha256:9439a342adb8725f32f92732e2bafb6d5246bd7a5021101166b223d312e8fc59"},
    {file = "ruff-0.15.9-py3-none-manylinux_2_17_armv7l.manylinux2014_armv7l.whl", hash = "sha256:9c5e6faf9d97c8edc43877c3f406f47446fc48c40e1442d58cfcdaba2acea745"},
    {file = "ruff-0.15.9-py3-none-manylinux_2_17_i686.manylinux2014_i686.whl", hash = "sha256:7b34a9766aeec27a222373d0b055722900fbc0582b24f39661aa96f3fe6ad901"},
    {file = "ruff-0.15.9-py3-none-manylinux_2_17_ppc64le.manylinux2014_ppc64le.whl", hash = "sha256:89dd695bc72ae76ff484ae54b7e8b0f6b50f49046e198355e44ea656e521fef9"},
    {file = "ruff-0.15.9-py3-none-manylinux_2_17_s390x.manylinux2014_s390x.whl", hash = "sha256:ce187224ef1de1bd225bc9a152ac7102a6171107f026e81f317e4257052916d5"},
    {file = "ruff-0.15.9-py3-none-manylinux_2_17_x86_64.manylinux2014_x86_64.whl", hash = "sha256:2b0c7c341f68adb01c488c3b7d4b49aa8ea97409eae6462d860a79cf55f431b6"},
    {file = "ruff-0.15.9-py3-none-manylinux_2_31_riscv64.whl", hash = "sha256:55cc15eee27dc0eebdfcb0d185a6153420efbedc15eb1d38fe5e685657b0f840"},
    {file = "ruff-0.15.9-py3-none-musllinux_1_2_aarch64.whl", hash = "sha256:a6537f6eed5cda688c81073d46ffdfb962a5f29ecb6f7e770b2dc920598997ed"},
    {file = "ruff-0.15.9-py3-none-musllinux_1_2_armv7l.whl", hash = "sha256:6d3fcbca7388b066139c523bda744c822258ebdcfbba7d24410c3f454cc9af71"},
    {file = "ruff-0.15.9-py3-none-musllinux_1_2_i686.whl", hash = "sha256:058d8e99e1bfe79d8a0def0b481c56059ee6716214f7e425d8e737e412d69677"},
    {file = "ruff-0.15.9-py3-none-musllinux_1_2_x86_64.whl", hash = "sha256:8e1ddb11dbd61d5983fa2d7d6370ef3eb210951e443cace19594c01c72abab4c"},
    {file = "ruff-0.15.9-py3-none-win32.whl", hash = "sha256:bde6ff36eaf72b700f32b7196088970bf8fdb2b917b7accd8c371bfc0fd573ec"},
    {file = "ruff-0.15.9-py3-none-win_amd64.whl", hash = "sha256:45a70921b80e1c10cf0b734ef09421f71b5aa11d27404edc89d7e8a69505e43d"},
    {file = "ruff-0.15.9-py3-none-win_arm64.whl", hash = "sha256:0694e601c028fd97dc5c6ee244675bc241aeefced7ef80cd9c6935a871078f53"},
    {file = "ruff-0.15.9.tar.gz", hash = "sha256:29cbb1255a9797903f6dde5ba0188c707907ff44a9006eb273b5a17bfa0739a2"},
]

[[package]]
name = "six"
version = "1.17.0"
description = "Python 2 and 3 compatibility utilities"
optional = false
python-versions = "!=3.0.*,!=3.1.*,!=3.2.*,>=2.7"
groups = ["main"]
files = [
    {file = "six-1.17.0-py2.py3-none-any.whl", hash = "sha256:4721f391ed90541fddacab5acf947aa0d3dc7d27b2e1e8eda2be8970586c3274"},
    {file = "six-1.17.0.tar.gz", hash = "sha256:ff70335d468e7eb6ec65b95b99d3a2836546063f63acc5171de367e834932a81"},
]

[[package]]
name = "tabulate"
version = "0.9.0"
description = "Pretty-print tabular data"
optional = false
python-versions = ">=3.7"
groups = ["main"]
files = [
    {file = "tabulate-0.9.0-py3-none-any.whl", hash = "sha256:024ca478df22e9340661486f85298cff5f6dcdba14f3813e8830015b9ed1948f"},
    {file = "tabulate-0.9.0.tar.gz", hash = "sha256:0095b12bf5966de529c0feb1fa08671671b3368eec77d7ef7ab114be2c068b3c"},
]

[package.extras]
widechars = ["wcwidth"]

[[package]]
name = "urllib3"
version = "2.6.3"
description = "HTTP library with thread-safe connection pooling, file post, and more."
optional = false
python-versions = ">=3.9"
groups = ["main"]
files = [
    {file = "urllib3-2.6.3-py3-none-any.whl", hash = "sha256:bf272323e553dfb2e87d9bfd225ca7b0f467b919d7bbd355436d3fd37cb0acd4"},
    {file = "urllib3-2.6.3.tar.gz", hash = "sha256:1b62b6884944a57dbe321509ab94fd4d3b307075e0c2eae991ac71ee15ad38ed"},
]

[package.extras]
brotli = ["brotli (>=1.2.0) ; platform_python_implementation == \"CPython\"", "brotlicffi (>=1.2.0.0) ; platform_python_implementation != \"CPython\""]
h2 = ["h2 (>=4,<5)"]
socks = ["pysocks (>=1.5.6,!=1.5.7,<2.0)"]
zstd = ["backports-zstd (>=1.0.0) ; python_version < \"3.14\""]

[metadata]
lock-version = "2.1"
python-versions = "^3.12"
content-hash = "b05c9e24fea4556452130b5829d81ab32444a16ef7ab0416e10ca2d25db1e99c"
